
Microsoft Visual Studio Solution File, Format Version 12.00
# Visual Studio 15
Project("{FAE04EC0-301F-11D3-BF4B-00C04F79EFBC}") = "Assembly-CSharp", "Assembly-CSharp.csproj", "{350C2000-24D8-645A-C69F-BE61A585B84C}"
EndProject
Project("{FAE04EC0-301F-11D3-BF4B-00C04F79EFBC}") = "Assembly-CSharp-Editor", "Assembly-CSharp-Editor.csproj", "{A8A94BC7-44CB-F814-12F2-E9707DDC638B}"
EndProject
Global
	GlobalSection(SolutionConfigurationPlatforms) = preSolution
		Debug|Any CPU = Debug|Any CPU
		Release|Any CPU = Release|Any CPU
	EndGlobalSection
	GlobalSection(ProjectConfigurationPlatforms) = postSolution
		{350C2000-24D8-645A-C69F-BE61A585B84C}.Debug|Any CPU.ActiveCfg = Debug|Any CPU
		{350C2000-24D8-645A-C69F-BE61A585B84C}.Debug|Any CPU.Build.0 = Debug|Any CPU
		{350C2000-24D8-645A-C69F-BE61A585B84C}.Release|Any CPU.ActiveCfg = Release|Any CPU
		{350C2000-24D8-645A-C69F-BE61A585B84C}.Release|Any CPU.Build.0 = Release|Any CPU
		{A8A94BC7-44CB-F814-12F2-E9707DDC638B}.Debug|Any CPU.ActiveCfg = Debug|Any CPU
		{A8A94BC7-44CB-F814-12F2-E9707DDC638B}.Debug|Any CPU.Build.0 = Debug|Any CPU
		{A8A94BC7-44CB-F814-12F2-E9707DDC638B}.Release|Any CPU.ActiveCfg = Release|Any CPU
		{A8A94BC7-44CB-F814-12F2-E9707DDC638B}.Release|Any CPU.Build.0 = Release|Any CPU
	EndGlobalSection
	GlobalSection(SolutionProperties) = preSolution
		HideSolutionNode = FALSE
	EndGlobalSection
EndGlobal
